
Microsoft Visual Studio Solution File, Format Version 12.00
# Visual Studio Version 17
VisualStudioVersion = 17.3.32811.315
MinimumVisualStudioVersion = 10.0.40219.1
Project("{8BC9CEB8-8B4A-11D0-8D11-00A0C91BC942}") = "ConsoleApplication2", "ConsoleApplication2.vcxproj", "{3DFC4C57-13E2-4911-A291-6B6B86F2ACE6}"
EndProject
Global
	GlobalSection(SolutionConfigurationPlatforms) = preSolution
		Debug|x64 = Debug|x64
		Debug|x86 = Debug|x86
		Release|x64 = Release|x64
		Release|x86 = Release|x86
	EndGlobalSection
	GlobalSection(ProjectConfigurationPlatforms) = postSolution
		{3DFC4C57-13E2-4911-A291-6B6B86F2ACE6}.Debug|x64.ActiveCfg = Debug|x64
		{3DFC4C57-13E2-4911-A291-6B6B86F2ACE6}.Debug|x64.Build.0 = Debug|x64
		{3DFC4C57-13E2-4911-A291-6B6B86F2ACE6}.Debug|x86.ActiveCfg = Debug|Win32
		{3DFC4C57-13E2-4911-A291-6B6B86F2ACE6}.Debug|x86.Build.0 = Debug|Win32
		{3DFC4C57-13E2-4911-A291-6B6B86F2ACE6}.Release|x64.ActiveCfg = Release|x64
		{3DFC4C57-13E2-4911-A291-6B6B86F2ACE6}.Release|x64.Build.0 = Release|x64
		{3DFC4C57-13E2-4911-A291-6B6B86F2ACE6}.Release|x86.ActiveCfg = Release|Win32
		{3DFC4C57-13E2-4911-A291-6B6B86F2ACE6}.Release|x86.Build.0 = Release|Win32
	EndGlobalSection
	GlobalSection(SolutionProperties) = preSolution
		HideSolutionNode = FALSE
	EndGlobalSection
	GlobalSection(ExtensibilityGlobals) = postSolution
		SolutionGuid = {57973602-E7AA-45C4-996C-511A18F6BFB6}
	EndGlobalSection
EndGlobal
