<?xml version="1.0" encoding="utf-8"?>
<Project ToolsVersion="12.0" xmlns="http://schemas.microsoft.com/developer/msbuild/2003">
  <ItemGroup>
    <Text Include="$(MSBuildThisFileDirectory)readme.txt" />
  </ItemGroup>
  <ItemGroup>
    <ClInclude Include="$(MSBuildThisFileDirectory)T2_setup.h" />
    <ClInclude Include="$(MSBuildThisFileDirectory)T1_setup.h" />
    <ClInclude Include="$(MSBuildThisFileDirectory)..\%40Timers\T1_aux.h" />
  </ItemGroup>
  <ItemGroup>
    <ClCompile Include="$(MSBuildThisFileDirectory)T2_setup.cpp" />
    <ClCompile Include="$(MSBuildThisFileDirectory)T1_setup.cpp" />
    <ClCompile Include="$(MSBuildThisFileDirectory)..\%40Timers\T1_aux.cpp" />
  </ItemGroup>
</Project>